
Microsoft Visual Studio Solution File, Format Version 12.00
# Visual Studio Version 17
VisualStudioVersion = 17.10.34928.147
MinimumVisualStudioVersion = 10.0.40219.1
Project("{FAE04EC0-301F-11D3-BF4B-00C04F79EFBC}") = "Post.API", "Post.API\Post.API.csproj", "{42578D9B-87F9-4567-A7D1-484F391F62FF}"
EndProject
Project("{FAE04EC0-301F-11D3-BF4B-00C04F79EFBC}") = "User.API", "User.API\User.API.csproj", "{59E01173-4952-4C00-8797-F10BC9485A97}"
EndProject
Project("{FAE04EC0-301F-11D3-BF4B-00C04F79EFBC}") = "GateWay.API", "GateWay.API\GateWay.API.csproj", "{B0BF043C-EE97-490B-913F-A63693BE116F}"
EndProject
Global
	GlobalSection(SolutionConfigurationPlatforms) = preSolution
		Debug|Any CPU = Debug|Any CPU
		Release|Any CPU = Release|Any CPU
	EndGlobalSection
	GlobalSection(ProjectConfigurationPlatforms) = postSolution
		{42578D9B-87F9-4567-A7D1-484F391F62FF}.Debug|Any CPU.ActiveCfg = Debug|Any CPU
		{42578D9B-87F9-4567-A7D1-484F391F62FF}.Debug|Any CPU.Build.0 = Debug|Any CPU
		{42578D9B-87F9-4567-A7D1-484F391F62FF}.Release|Any CPU.ActiveCfg = Release|Any CPU
		{42578D9B-87F9-4567-A7D1-484F391F62FF}.Release|Any CPU.Build.0 = Release|Any CPU
		{59E01173-4952-4C00-8797-F10BC9485A97}.Debug|Any CPU.ActiveCfg = Debug|Any CPU
		{59E01173-4952-4C00-8797-F10BC9485A97}.Debug|Any CPU.Build.0 = Debug|Any CPU
		{59E01173-4952-4C00-8797-F10BC9485A97}.Release|Any CPU.ActiveCfg = Release|Any CPU
		{59E01173-4952-4C00-8797-F10BC9485A97}.Release|Any CPU.Build.0 = Release|Any CPU
		{B0BF043C-EE97-490B-913F-A63693BE116F}.Debug|Any CPU.ActiveCfg = Debug|Any CPU
		{B0BF043C-EE97-490B-913F-A63693BE116F}.Debug|Any CPU.Build.0 = Debug|Any CPU
		{B0BF043C-EE97-490B-913F-A63693BE116F}.Release|Any CPU.ActiveCfg = Release|Any CPU
		{B0BF043C-EE97-490B-913F-A63693BE116F}.Release|Any CPU.Build.0 = Release|Any CPU
	EndGlobalSection
	GlobalSection(SolutionProperties) = preSolution
		HideSolutionNode = FALSE
	EndGlobalSection
	GlobalSection(ExtensibilityGlobals) = postSolution
		SolutionGuid = {2693D8C7-DB41-429F-950E-80B34516BAAB}
	EndGlobalSection
EndGlobal
